PATH
  remote: .
  specs:
    sunpass (0.1.0)
      dotenv (~> 3.1)
      json (~> 2.7)
      playwright-ruby-client (~> 1.44)
      sequel (~> 5.80)
      sqlite3 (~> 1.7)

GEM
  remote: https://rubygems.org/
  specs:
    base64 (0.3.0)
    bigdecimal (4.0.1)
    concurrent-ruby (1.3.6)
    dotenv (3.2.0)
    json (2.18.1)
    logger (1.7.0)
    mime-types (3.7.0)
      logger
      mime-types-data (~> 3.2025, >= 3.2025.0507)
    mime-types-data (3.2026.0203)
    mini_portile2 (2.8.9)
    playwright-ruby-client (1.58.0)
      base64
      concurrent-ruby (>= 1.1.6)
      mime-types (>= 3.0)
    sequel (5.101.0)
      bigdecimal
    sqlite3 (1.7.3)
      mini_portile2 (~> 2.8.0)

PLATFORMS
  arm64-darwin-24
  ruby

DEPENDENCIES
  sunpass!

CHECKSUMS
  base64 (0.3.0) sha256=27337aeabad6ffae05c265c450490628ef3ebd4b67be58257393227588f5a97b
  bigdecimal (4.0.1) sha256=8b07d3d065a9f921c80ceaea7c9d4ae596697295b584c296fe599dd0ad01c4a7
  concurrent-ruby (1.3.6) sha256=6b56837e1e7e5292f9864f34b69c5a2cbc75c0cf5338f1ce9903d10fa762d5ab
  dotenv (3.2.0) sha256=e375b83121ea7ca4ce20f214740076129ab8514cd81378161f11c03853fe619d
  json (2.18.1) sha256=fe112755501b8d0466b5ada6cf50c8c3f41e897fa128ac5d263ec09eedc9f986
  logger (1.7.0) sha256=196edec7cc44b66cfb40f9755ce11b392f21f7967696af15d274dde7edff0203
  mime-types (3.7.0) sha256=dcebf61c246f08e15a4de34e386ebe8233791e868564a470c3fe77c00eed5e56
  mime-types-data (3.2026.0203) sha256=54353d693af028847391c28361c07d4b8b689cad78c3e1cc272fb1205c6d2a2f
  mini_portile2 (2.8.9) sha256=0cd7c7f824e010c072e33f68bc02d85a00aeb6fce05bb4819c03dfd3c140c289
  playwright-ruby-client (1.58.0) sha256=d78b6acfb2c7bea19394366f8fc840a8518b0dbfb07d8c63754cb21d9eda0277
  sequel (5.101.0) sha256=d2ae3fd997a7c4572e8357918e777869faf90dc19310fcd6332747122aed2b29
  sqlite3 (1.7.3) sha256=fa77f63c709548f46d4e9b6bb45cda52aa3881aa12cc85991132758e8968701c
  sunpass (0.1.0)

BUNDLED WITH
  4.0.3
